
Microsoft Visual Studio Solution File, Format Version 12.00
# Visual Studio Version 16
VisualStudioVersion = 16.0.28922.388
MinimumVisualStudioVersion = 10.0.40219.1
Project("{FAE04EC0-301F-11D3-BF4B-00C04F79EFBC}") = "primary", "primary\primary.csproj", "{B72194CC-2F09-4C32-AC3F-29AB8A1CA787}"
EndProject
Global
	GlobalSection(SolutionConfigurationPlatforms) = preSolution
		Debug|Any CPU = Debug|Any CPU
		Release|Any CPU = Release|Any CPU
	EndGlobalSection
	GlobalSection(ProjectConfigurationPlatforms) = postSolution
		{B72194CC-2F09-4C32-AC3F-29AB8A1CA787}.Debug|Any CPU.ActiveCfg = Debug|Any CPU
		{B72194CC-2F09-4C32-AC3F-29AB8A1CA787}.Debug|Any CPU.Build.0 = Debug|Any CPU
		{B72194CC-2F09-4C32-AC3F-29AB8A1CA787}.Release|Any CPU.ActiveCfg = Release|Any CPU
		{B72194CC-2F09-4C32-AC3F-29AB8A1CA787}.Release|Any CPU.Build.0 = Release|Any CPU
	EndGlobalSection
	GlobalSection(SolutionProperties) = preSolution
		HideSolutionNode = FALSE
	EndGlobalSection
	GlobalSection(ExtensibilityGlobals) = postSolution
		SolutionGuid = {D9AE6EE3-6CCE-4832-86C0-60D4A542B484}
	EndGlobalSection
EndGlobal
